
Microsoft Visual Studio Solution File, Format Version 12.00
# Visual Studio Version 17
VisualStudioVersion = 17.7.34221.43
MinimumVisualStudioVersion = 10.0.40219.1
Project("{FAE04EC0-301F-11D3-BF4B-00C04F79EFBC}") = "ejecicio#1", "ejecicio#1.csproj", "{05885881-722D-43E2-B2EF-D978BE748AF3}"
EndProject
Global
	GlobalSection(SolutionConfigurationPlatforms) = preSolution
		Debug|Any CPU = Debug|Any CPU
		Release|Any CPU = Release|Any CPU
	EndGlobalSection
	GlobalSection(ProjectConfigurationPlatforms) = postSolution
		{05885881-722D-43E2-B2EF-D978BE748AF3}.Debug|Any CPU.ActiveCfg = Debug|Any CPU
		{05885881-722D-43E2-B2EF-D978BE748AF3}.Debug|Any CPU.Build.0 = Debug|Any CPU
		{05885881-722D-43E2-B2EF-D978BE748AF3}.Release|Any CPU.ActiveCfg = Release|Any CPU
		{05885881-722D-43E2-B2EF-D978BE748AF3}.Release|Any CPU.Build.0 = Release|Any CPU
	EndGlobalSection
	GlobalSection(SolutionProperties) = preSolution
		HideSolutionNode = FALSE
	EndGlobalSection
	GlobalSection(ExtensibilityGlobals) = postSolution
		SolutionGuid = {B16CCE58-3299-452A-8242-DE8A0F937526}
	EndGlobalSection
EndGlobal
